
Microsoft Visual Studio Solution File, Format Version 12.00
# Visual Studio 15
VisualStudioVersion = 15.0.27130.2027
MinimumVisualStudioVersion = 10.0.40219.1
Project("{9A19103F-16F7-4668-BE54-9A1E7A4F7556}") = "QuickIdentityServer", "QuickIdentityServer\QuickIdentityServer.csproj", "{37AA4F00-F288-403C-B6D9-B46E946A63F5}"
EndProject
Project("{9A19103F-16F7-4668-BE54-9A1E7A4F7556}") = "QuicktIdentityServer.Api", "QuicktIdentityServer.Api\QuicktIdentityServer.Api.csproj", "{C92CD4C6-2242-4704-9565-4995E97A2FD5}"
EndProject
Project("{9A19103F-16F7-4668-BE54-9A1E7A4F7556}") = "QuicktIdentityServer.Client", "QuicktIdentityServer.Client\QuicktIdentityServer.Client.csproj", "{0FC14F1C-0555-41A8-AFFA-85C5F111218C}"
EndProject
Project("{FAE04EC0-301F-11D3-BF4B-00C04F79EFBC}") = "IdentityServer.Core", "IdentityServer.Core\IdentityServer.Core.csproj", "{F1C3F032-B2A0-465A-AB1C-E2F1C45423F1}"
EndProject
Project("{FAE04EC0-301F-11D3-BF4B-00C04F79EFBC}") = "QuickIdentityServer.MvcClient", "QuickIdentityServer.MvcClient\QuickIdentityServer.MvcClient.csproj", "{068F7BC7-6B0B-4A32-B258-8A78230BB911}"
EndProject
Global
	GlobalSection(SolutionConfigurationPlatforms) = preSolution
		Debug|Any CPU = Debug|Any CPU
		Release|Any CPU = Release|Any CPU
	EndGlobalSection
	GlobalSection(ProjectConfigurationPlatforms) = postSolution
		{37AA4F00-F288-403C-B6D9-B46E946A63F5}.Debug|Any CPU.ActiveCfg = Debug|Any CPU
		{37AA4F00-F288-403C-B6D9-B46E946A63F5}.Debug|Any CPU.Build.0 = Debug|Any CPU
		{37AA4F00-F288-403C-B6D9-B46E946A63F5}.Release|Any CPU.ActiveCfg = Release|Any CPU
		{37AA4F00-F288-403C-B6D9-B46E946A63F5}.Release|Any CPU.Build.0 = Release|Any CPU
		{C92CD4C6-2242-4704-9565-4995E97A2FD5}.Debug|Any CPU.ActiveCfg = Debug|Any CPU
		{C92CD4C6-2242-4704-9565-4995E97A2FD5}.Debug|Any CPU.Build.0 = Debug|Any CPU
		{C92CD4C6-2242-4704-9565-4995E97A2FD5}.Release|Any CPU.ActiveCfg = Release|Any CPU
		{C92CD4C6-2242-4704-9565-4995E97A2FD5}.Release|Any CPU.Build.0 = Release|Any CPU
		{0FC14F1C-0555-41A8-AFFA-85C5F111218C}.Debug|Any CPU.ActiveCfg = Debug|Any CPU
		{0FC14F1C-0555-41A8-AFFA-85C5F111218C}.Debug|Any CPU.Build.0 = Debug|Any CPU
		{0FC14F1C-0555-41A8-AFFA-85C5F111218C}.Release|Any CPU.ActiveCfg = Release|Any CPU
		{0FC14F1C-0555-41A8-AFFA-85C5F111218C}.Release|Any CPU.Build.0 = Release|Any CPU
		{F1C3F032-B2A0-465A-AB1C-E2F1C45423F1}.Debug|Any CPU.ActiveCfg = Debug|Any CPU
		{F1C3F032-B2A0-465A-AB1C-E2F1C45423F1}.Debug|Any CPU.Build.0 = Debug|Any CPU
		{F1C3F032-B2A0-465A-AB1C-E2F1C45423F1}.Release|Any CPU.ActiveCfg = Release|Any CPU
		{F1C3F032-B2A0-465A-AB1C-E2F1C45423F1}.Release|Any CPU.Build.0 = Release|Any CPU
		{068F7BC7-6B0B-4A32-B258-8A78230BB911}.Debug|Any CPU.ActiveCfg = Debug|Any CPU
		{068F7BC7-6B0B-4A32-B258-8A78230BB911}.Debug|Any CPU.Build.0 = Debug|Any CPU
		{068F7BC7-6B0B-4A32-B258-8A78230BB911}.Release|Any CPU.ActiveCfg = Release|Any CPU
		{068F7BC7-6B0B-4A32-B258-8A78230BB911}.Release|Any CPU.Build.0 = Release|Any CPU
	EndGlobalSection
	GlobalSection(SolutionProperties) = preSolution
		HideSolutionNode = FALSE
	EndGlobalSection
	GlobalSection(ExtensibilityGlobals) = postSolution
		SolutionGuid = {BC0AFC41-E4B8-439D-B9DA-561BC163D798}
	EndGlobalSection
EndGlobal
