
Microsoft Visual Studio Solution File, Format Version 12.00
# Visual Studio 15
VisualStudioVersion = 15.0.27130.2024
MinimumVisualStudioVersion = 10.0.40219.1
Project("{2150E333-8FDC-42A3-9474-1A3956D46DE8}") = "UnitTest", "UnitTest", "{587C622A-C1C7-4F42-A5C5-19025E13A8F6}"
EndProject
Project("{FAE04EC0-301F-11D3-BF4B-00C04F79EFBC}") = "xUnit2.Demo.Tests", "UnitTest\xUnit2.Demo.Tests\xUnit2.Demo.Tests.csproj", "{A47F8381-D4FB-4713-A8CD-923024FF3F03}"
EndProject
Project("{FAE04EC0-301F-11D3-BF4B-00C04F79EFBC}") = "RiseSoho.Service.Core", "UnitTest\RiseSoho.Service.Core\RiseSoho.Service.Core.csproj", "{FF5AA87B-4D4E-4E66-B21C-C5A4F176DAFD}"
EndProject
Project("{FAE04EC0-301F-11D3-BF4B-00C04F79EFBC}") = "MsTestv2.Demo.Tests", "UnitTest\MsTestv2.Demo.Tests\MsTestv2.Demo.Tests.csproj", "{D3367793-CE67-4270-9C4D-CECF536D5B40}"
EndProject
Project("{2150E333-8FDC-42A3-9474-1A3956D46DE8}") = "Castle", "Castle", "{E8F1991C-A79C-4481-8FB9-3A033CF0629E}"
EndProject
Project("{FAE04EC0-301F-11D3-BF4B-00C04F79EFBC}") = "Castle.Windsor.Tests", "Castle\Castle.Windsor.Tests\Castle.Windsor.Tests.csproj", "{62A35C16-537C-4622-A9C7-C852E174F774}"
EndProject
Global
	GlobalSection(SolutionConfigurationPlatforms) = preSolution
		Debug|Any CPU = Debug|Any CPU
		Release|Any CPU = Release|Any CPU
	EndGlobalSection
	GlobalSection(ProjectConfigurationPlatforms) = postSolution
		{A47F8381-D4FB-4713-A8CD-923024FF3F03}.Debug|Any CPU.ActiveCfg = Debug|Any CPU
		{A47F8381-D4FB-4713-A8CD-923024FF3F03}.Debug|Any CPU.Build.0 = Debug|Any CPU
		{A47F8381-D4FB-4713-A8CD-923024FF3F03}.Release|Any CPU.ActiveCfg = Release|Any CPU
		{A47F8381-D4FB-4713-A8CD-923024FF3F03}.Release|Any CPU.Build.0 = Release|Any CPU
		{FF5AA87B-4D4E-4E66-B21C-C5A4F176DAFD}.Debug|Any CPU.ActiveCfg = Debug|Any CPU
		{FF5AA87B-4D4E-4E66-B21C-C5A4F176DAFD}.Debug|Any CPU.Build.0 = Debug|Any CPU
		{FF5AA87B-4D4E-4E66-B21C-C5A4F176DAFD}.Release|Any CPU.ActiveCfg = Release|Any CPU
		{FF5AA87B-4D4E-4E66-B21C-C5A4F176DAFD}.Release|Any CPU.Build.0 = Release|Any CPU
		{D3367793-CE67-4270-9C4D-CECF536D5B40}.Debug|Any CPU.ActiveCfg = Debug|Any CPU
		{D3367793-CE67-4270-9C4D-CECF536D5B40}.Debug|Any CPU.Build.0 = Debug|Any CPU
		{D3367793-CE67-4270-9C4D-CECF536D5B40}.Release|Any CPU.ActiveCfg = Release|Any CPU
		{D3367793-CE67-4270-9C4D-CECF536D5B40}.Release|Any CPU.Build.0 = Release|Any CPU
		{62A35C16-537C-4622-A9C7-C852E174F774}.Debug|Any CPU.ActiveCfg = Debug|Any CPU
		{62A35C16-537C-4622-A9C7-C852E174F774}.Debug|Any CPU.Build.0 = Debug|Any CPU
		{62A35C16-537C-4622-A9C7-C852E174F774}.Release|Any CPU.ActiveCfg = Release|Any CPU
		{62A35C16-537C-4622-A9C7-C852E174F774}.Release|Any CPU.Build.0 = Release|Any CPU
	EndGlobalSection
	GlobalSection(SolutionProperties) = preSolution
		HideSolutionNode = FALSE
	EndGlobalSection
	GlobalSection(NestedProjects) = preSolution
		{A47F8381-D4FB-4713-A8CD-923024FF3F03} = {587C622A-C1C7-4F42-A5C5-19025E13A8F6}
		{FF5AA87B-4D4E-4E66-B21C-C5A4F176DAFD} = {587C622A-C1C7-4F42-A5C5-19025E13A8F6}
		{D3367793-CE67-4270-9C4D-CECF536D5B40} = {587C622A-C1C7-4F42-A5C5-19025E13A8F6}
		{62A35C16-537C-4622-A9C7-C852E174F774} = {E8F1991C-A79C-4481-8FB9-3A033CF0629E}
	EndGlobalSection
	GlobalSection(ExtensibilityGlobals) = postSolution
		SolutionGuid = {BC0AFC41-E4B8-439D-B9DA-561BC163D798}
	EndGlobalSection
EndGlobal
