
Microsoft Visual Studio Solution File, Format Version 12.00
# Visual Studio 15
VisualStudioVersion = 15.0.27130.2027
MinimumVisualStudioVersion = 10.0.40219.1
Project("{2150E333-8FDC-42A3-9474-1A3956D46DE8}") = "UnitTest", "UnitTest", "{587C622A-C1C7-4F42-A5C5-19025E13A8F6}"
EndProject
Project("{FAE04EC0-301F-11D3-BF4B-00C04F79EFBC}") = "xUnit2.Demo.Tests", "UnitTest\xUnit2.Demo.Tests\xUnit2.Demo.Tests.csproj", "{A47F8381-D4FB-4713-A8CD-923024FF3F03}"
EndProject
Project("{FAE04EC0-301F-11D3-BF4B-00C04F79EFBC}") = "RiseSoho.Service.Core", "UnitTest\RiseSoho.Service.Core\RiseSoho.Service.Core.csproj", "{FF5AA87B-4D4E-4E66-B21C-C5A4F176DAFD}"
EndProject
Project("{FAE04EC0-301F-11D3-BF4B-00C04F79EFBC}") = "MsTestv2.Demo.Tests", "UnitTest\MsTestv2.Demo.Tests\MsTestv2.Demo.Tests.csproj", "{D3367793-CE67-4270-9C4D-CECF536D5B40}"
EndProject
Project("{2150E333-8FDC-42A3-9474-1A3956D46DE8}") = "Castle", "Castle", "{E8F1991C-A79C-4481-8FB9-3A033CF0629E}"
EndProject
Project("{9A19103F-16F7-4668-BE54-9A1E7A4F7556}") = "Castle.Windsor.Tests", "Castle\Castle.Windsor.Tests\Castle.Windsor.Tests.csproj", "{62A35C16-537C-4622-A9C7-C852E174F774}"
EndProject
Project("{2150E333-8FDC-42A3-9474-1A3956D46DE8}") = "EntityFramework", "EntityFramework", "{3900B7FF-63BB-4A3E-BA1B-B34F58858B96}"
EndProject
Project("{FAE04EC0-301F-11D3-BF4B-00C04F79EFBC}") = "EF6.Demo", "EntityFramework\EF6.Demo\EF6.Demo.csproj", "{49649A63-7C45-4018-807D-74FD9846ABEA}"
EndProject
Project("{9A19103F-16F7-4668-BE54-9A1E7A4F7556}") = "EF.Core.Demo", "EntityFramework\EF.Core.Demo\EF.Core.Demo.csproj", "{520A44C4-2CB8-435D-9A4F-35F38B719897}"
EndProject
Project("{2150E333-8FDC-42A3-9474-1A3956D46DE8}") = "Mvc", "Mvc", "{47D1A797-667E-4815-950A-276A160771FE}"
EndProject
Project("{FAE04EC0-301F-11D3-BF4B-00C04F79EFBC}") = "DotNet.MvcWeb", "Mvc\DotNet.MvcWeb\DotNet.MvcWeb.csproj", "{323729E9-2D67-44AE-9E5D-AFB8F261B88F}"
EndProject
Project("{9A19103F-16F7-4668-BE54-9A1E7A4F7556}") = "DotNetCore.KnowledgePoint.DemoTests", "UnitTest\DotNetCore.KnowledgePoint.DemoTests\DotNetCore.KnowledgePoint.DemoTests.csproj", "{ED00C848-6D6A-4B52-A0BC-CE5DB6188997}"
EndProject
Project("{2150E333-8FDC-42A3-9474-1A3956D46DE8}") = "IdentityServer4", "IdentityServer4", "{7DE17547-EE2B-459F-8F1E-B554579DEEDD}"
EndProject
Project("{FAE04EC0-301F-11D3-BF4B-00C04F79EFBC}") = "QuickIdentityServer", "IdentityServer4\QuickIdentityServer\QuickIdentityServer.csproj", "{E5AFE905-855D-4423-B092-D8A506CB27D9}"
EndProject
Global
	GlobalSection(SolutionConfigurationPlatforms) = preSolution
		Debug|Any CPU = Debug|Any CPU
		Release|Any CPU = Release|Any CPU
	EndGlobalSection
	GlobalSection(ProjectConfigurationPlatforms) = postSolution
		{A47F8381-D4FB-4713-A8CD-923024FF3F03}.Debug|Any CPU.ActiveCfg = Debug|Any CPU
		{A47F8381-D4FB-4713-A8CD-923024FF3F03}.Debug|Any CPU.Build.0 = Debug|Any CPU
		{A47F8381-D4FB-4713-A8CD-923024FF3F03}.Release|Any CPU.ActiveCfg = Release|Any CPU
		{A47F8381-D4FB-4713-A8CD-923024FF3F03}.Release|Any CPU.Build.0 = Release|Any CPU
		{FF5AA87B-4D4E-4E66-B21C-C5A4F176DAFD}.Debug|Any CPU.ActiveCfg = Debug|Any CPU
		{FF5AA87B-4D4E-4E66-B21C-C5A4F176DAFD}.Debug|Any CPU.Build.0 = Debug|Any CPU
		{FF5AA87B-4D4E-4E66-B21C-C5A4F176DAFD}.Release|Any CPU.ActiveCfg = Release|Any CPU
		{FF5AA87B-4D4E-4E66-B21C-C5A4F176DAFD}.Release|Any CPU.Build.0 = Release|Any CPU
		{D3367793-CE67-4270-9C4D-CECF536D5B40}.Debug|Any CPU.ActiveCfg = Debug|Any CPU
		{D3367793-CE67-4270-9C4D-CECF536D5B40}.Debug|Any CPU.Build.0 = Debug|Any CPU
		{D3367793-CE67-4270-9C4D-CECF536D5B40}.Release|Any CPU.ActiveCfg = Release|Any CPU
		{D3367793-CE67-4270-9C4D-CECF536D5B40}.Release|Any CPU.Build.0 = Release|Any CPU
		{62A35C16-537C-4622-A9C7-C852E174F774}.Debug|Any CPU.ActiveCfg = Debug|Any CPU
		{62A35C16-537C-4622-A9C7-C852E174F774}.Debug|Any CPU.Build.0 = Debug|Any CPU
		{62A35C16-537C-4622-A9C7-C852E174F774}.Release|Any CPU.ActiveCfg = Release|Any CPU
		{62A35C16-537C-4622-A9C7-C852E174F774}.Release|Any CPU.Build.0 = Release|Any CPU
		{49649A63-7C45-4018-807D-74FD9846ABEA}.Debug|Any CPU.ActiveCfg = Debug|Any CPU
		{49649A63-7C45-4018-807D-74FD9846ABEA}.Debug|Any CPU.Build.0 = Debug|Any CPU
		{49649A63-7C45-4018-807D-74FD9846ABEA}.Release|Any CPU.ActiveCfg = Release|Any CPU
		{49649A63-7C45-4018-807D-74FD9846ABEA}.Release|Any CPU.Build.0 = Release|Any CPU
		{520A44C4-2CB8-435D-9A4F-35F38B719897}.Debug|Any CPU.ActiveCfg = Debug|Any CPU
		{520A44C4-2CB8-435D-9A4F-35F38B719897}.Debug|Any CPU.Build.0 = Debug|Any CPU
		{520A44C4-2CB8-435D-9A4F-35F38B719897}.Release|Any CPU.ActiveCfg = Release|Any CPU
		{520A44C4-2CB8-435D-9A4F-35F38B719897}.Release|Any CPU.Build.0 = Release|Any CPU
		{323729E9-2D67-44AE-9E5D-AFB8F261B88F}.Debug|Any CPU.ActiveCfg = Debug|Any CPU
		{323729E9-2D67-44AE-9E5D-AFB8F261B88F}.Debug|Any CPU.Build.0 = Debug|Any CPU
		{323729E9-2D67-44AE-9E5D-AFB8F261B88F}.Release|Any CPU.ActiveCfg = Release|Any CPU
		{323729E9-2D67-44AE-9E5D-AFB8F261B88F}.Release|Any CPU.Build.0 = Release|Any CPU
		{ED00C848-6D6A-4B52-A0BC-CE5DB6188997}.Debug|Any CPU.ActiveCfg = Debug|Any CPU
		{ED00C848-6D6A-4B52-A0BC-CE5DB6188997}.Debug|Any CPU.Build.0 = Debug|Any CPU
		{ED00C848-6D6A-4B52-A0BC-CE5DB6188997}.Release|Any CPU.ActiveCfg = Release|Any CPU
		{ED00C848-6D6A-4B52-A0BC-CE5DB6188997}.Release|Any CPU.Build.0 = Release|Any CPU
		{E5AFE905-855D-4423-B092-D8A506CB27D9}.Debug|Any CPU.ActiveCfg = Debug|Any CPU
		{E5AFE905-855D-4423-B092-D8A506CB27D9}.Debug|Any CPU.Build.0 = Debug|Any CPU
		{E5AFE905-855D-4423-B092-D8A506CB27D9}.Release|Any CPU.ActiveCfg = Release|Any CPU
		{E5AFE905-855D-4423-B092-D8A506CB27D9}.Release|Any CPU.Build.0 = Release|Any CPU
	EndGlobalSection
	GlobalSection(SolutionProperties) = preSolution
		HideSolutionNode = FALSE
	EndGlobalSection
	GlobalSection(NestedProjects) = preSolution
		{A47F8381-D4FB-4713-A8CD-923024FF3F03} = {587C622A-C1C7-4F42-A5C5-19025E13A8F6}
		{FF5AA87B-4D4E-4E66-B21C-C5A4F176DAFD} = {587C622A-C1C7-4F42-A5C5-19025E13A8F6}
		{D3367793-CE67-4270-9C4D-CECF536D5B40} = {587C622A-C1C7-4F42-A5C5-19025E13A8F6}
		{62A35C16-537C-4622-A9C7-C852E174F774} = {E8F1991C-A79C-4481-8FB9-3A033CF0629E}
		{49649A63-7C45-4018-807D-74FD9846ABEA} = {3900B7FF-63BB-4A3E-BA1B-B34F58858B96}
		{520A44C4-2CB8-435D-9A4F-35F38B719897} = {3900B7FF-63BB-4A3E-BA1B-B34F58858B96}
		{323729E9-2D67-44AE-9E5D-AFB8F261B88F} = {47D1A797-667E-4815-950A-276A160771FE}
		{ED00C848-6D6A-4B52-A0BC-CE5DB6188997} = {587C622A-C1C7-4F42-A5C5-19025E13A8F6}
		{E5AFE905-855D-4423-B092-D8A506CB27D9} = {7DE17547-EE2B-459F-8F1E-B554579DEEDD}
	EndGlobalSection
	GlobalSection(ExtensibilityGlobals) = postSolution
		SolutionGuid = {BC0AFC41-E4B8-439D-B9DA-561BC163D798}
	EndGlobalSection
EndGlobal
